
Microsoft Visual Studio Solution File, Format Version 12.00
# Visual Studio Version 17
VisualStudioVersion = 17.10.35004.147
MinimumVisualStudioVersion = 10.0.40219.1
Project("{8BC9CEB8-8B4A-11D0-8D11-00A0C91BC942}") = "SikrakenSaneParser", "SikrakenSaneParser.vcxproj", "{78D53B4F-E00E-4853-9C62-4530C7BAA6DA}"
EndProject
Global
	GlobalSection(SolutionConfigurationPlatforms) = preSolution
		Debug|x64 = Debug|x64
		Debug|x86 = Debug|x86
		Release|x64 = Release|x64
		Release|x86 = Release|x86
	EndGlobalSection
	GlobalSection(ProjectConfigurationPlatforms) = postSolution
		{78D53B4F-E00E-4853-9C62-4530C7BAA6DA}.Debug|x64.ActiveCfg = Debug|x64
		{78D53B4F-E00E-4853-9C62-4530C7BAA6DA}.Debug|x64.Build.0 = Debug|x64
		{78D53B4F-E00E-4853-9C62-4530C7BAA6DA}.Debug|x86.ActiveCfg = Debug|Win32
		{78D53B4F-E00E-4853-9C62-4530C7BAA6DA}.Debug|x86.Build.0 = Debug|Win32
		{78D53B4F-E00E-4853-9C62-4530C7BAA6DA}.Release|x64.ActiveCfg = Release|x64
		{78D53B4F-E00E-4853-9C62-4530C7BAA6DA}.Release|x64.Build.0 = Release|x64
		{78D53B4F-E00E-4853-9C62-4530C7BAA6DA}.Release|x86.ActiveCfg = Release|Win32
		{78D53B4F-E00E-4853-9C62-4530C7BAA6DA}.Release|x86.Build.0 = Release|Win32
	EndGlobalSection
	GlobalSection(SolutionProperties) = preSolution
		HideSolutionNode = FALSE
	EndGlobalSection
	GlobalSection(ExtensibilityGlobals) = postSolution
		SolutionGuid = {D4EE406B-B740-4EC2-B9CB-7FFB295AE0BD}
	EndGlobalSection
EndGlobal
